
Microsoft Visual Studio Solution File, Format Version 12.00
# Visual Studio Version 16
VisualStudioVersion = 16.0.32630.194
MinimumVisualStudioVersion = 10.0.40219.1
Project("{2150E333-8FDC-42A3-9474-1A3956D46DE8}") = "Standart", "Standart", "{61AB4FF0-0864-4913-A619-1DE557B074CB}"
EndProject
Project("{6EC3EE1D-3C4E-46DD-8F32-0CC8E7565705}") = "BioCheckAnalyzer_Standart", "..\..\src\BioCheckAnalyzer\BioCheckAnalyzer_Standart.fsproj", "{0ED57E9F-DA22-4022-BBCC-63164C3492F4}"
EndProject
Project("{9A19103F-16F7-4668-BE54-9A1E7A4F7556}") = "BioCheckAnalyzerCommon_Standart", "..\..\src\BioCheckAnalyzerCommon\BioCheckAnalyzerCommon_Standart.csproj", "{016181B2-9A15-42C6-8238-D3DC7B689C84}"
EndProject
Project("{9A19103F-16F7-4668-BE54-9A1E7A4F7556}") = "BmaBioCheckAnalyzer_Standart", "..\..\src\BmaBioCheckAnalyzer\BmaBioCheckAnalyzer_Standart.csproj", "{112953C0-E52B-4839-9FC0-C151A8013F55}"
EndProject
Project("{2150E333-8FDC-42A3-9474-1A3956D46DE8}") = "Core", "Core", "{3AC3A5CA-A2C7-4A53-9F22-4B407D8D1860}"
EndProject
Project("{9A19103F-16F7-4668-BE54-9A1E7A4F7556}") = "BackendUtilities_Core", "..\..\src\BackendUtilities\BackendUtilities_Core.csproj", "{D5499401-7300-450A-B2F1-D651CE55FE02}"
EndProject
Project("{9A19103F-16F7-4668-BE54-9A1E7A4F7556}") = "BackendFunctions", "..\..\src\BackendFunctions\BackendFunctions.csproj", "{15F0A73D-6580-4509-B382-6D02A0C61F4B}"
EndProject
Project("{9A19103F-16F7-4668-BE54-9A1E7A4F7556}") = "JobsRunner_Standart", "..\..\src\Jobs\JobsRunner\JobsRunner_Standart.csproj", "{0C08C662-5325-4E48-9EFB-FBCEFE151846}"
EndProject
Global
	GlobalSection(SolutionConfigurationPlatforms) = preSolution
		Debug|Any CPU = Debug|Any CPU
		Debug|x64 = Debug|x64
		Debug|x86 = Debug|x86
		nuget|Any CPU = nuget|Any CPU
		nuget|x64 = nuget|x64
		nuget|x86 = nuget|x86
		Release|Any CPU = Release|Any CPU
		Release|x64 = Release|x64
		Release|x86 = Release|x86
	EndGlobalSection
	GlobalSection(ProjectConfigurationPlatforms) = postSolution
		{0ED57E9F-DA22-4022-BBCC-63164C3492F4}.Debug|Any CPU.ActiveCfg = Debug|Any CPU
		{0ED57E9F-DA22-4022-BBCC-63164C3492F4}.Debug|Any CPU.Build.0 = Debug|Any CPU
		{0ED57E9F-DA22-4022-BBCC-63164C3492F4}.Debug|x64.ActiveCfg = Debug|Any CPU
		{0ED57E9F-DA22-4022-BBCC-63164C3492F4}.Debug|x64.Build.0 = Debug|Any CPU
		{0ED57E9F-DA22-4022-BBCC-63164C3492F4}.Debug|x86.ActiveCfg = Debug|Any CPU
		{0ED57E9F-DA22-4022-BBCC-63164C3492F4}.Debug|x86.Build.0 = Debug|Any CPU
		{0ED57E9F-DA22-4022-BBCC-63164C3492F4}.nuget|Any CPU.ActiveCfg = Debug|Any CPU
		{0ED57E9F-DA22-4022-BBCC-63164C3492F4}.nuget|Any CPU.Build.0 = Debug|Any CPU
		{0ED57E9F-DA22-4022-BBCC-63164C3492F4}.nuget|x64.ActiveCfg = Debug|Any CPU
		{0ED57E9F-DA22-4022-BBCC-63164C3492F4}.nuget|x64.Build.0 = Debug|Any CPU
		{0ED57E9F-DA22-4022-BBCC-63164C3492F4}.nuget|x86.ActiveCfg = Debug|Any CPU
		{0ED57E9F-DA22-4022-BBCC-63164C3492F4}.nuget|x86.Build.0 = Debug|Any CPU
		{0ED57E9F-DA22-4022-BBCC-63164C3492F4}.Release|Any CPU.ActiveCfg = Release|Any CPU
		{0ED57E9F-DA22-4022-BBCC-63164C3492F4}.Release|Any CPU.Build.0 = Release|Any CPU
		{0ED57E9F-DA22-4022-BBCC-63164C3492F4}.Release|x64.ActiveCfg = Release|x64
		{0ED57E9F-DA22-4022-BBCC-63164C3492F4}.Release|x64.Build.0 = Release|x64
		{0ED57E9F-DA22-4022-BBCC-63164C3492F4}.Release|x86.ActiveCfg = Release|Any CPU
		{0ED57E9F-DA22-4022-BBCC-63164C3492F4}.Release|x86.Build.0 = Release|Any CPU
		{016181B2-9A15-42C6-8238-D3DC7B689C84}.Debug|Any CPU.ActiveCfg = Debug|Any CPU
		{016181B2-9A15-42C6-8238-D3DC7B689C84}.Debug|Any CPU.Build.0 = Debug|Any CPU
		{016181B2-9A15-42C6-8238-D3DC7B689C84}.Debug|x64.ActiveCfg = Debug|Any CPU
		{016181B2-9A15-42C6-8238-D3DC7B689C84}.Debug|x64.Build.0 = Debug|Any CPU
		{016181B2-9A15-42C6-8238-D3DC7B689C84}.Debug|x86.ActiveCfg = Debug|Any CPU
		{016181B2-9A15-42C6-8238-D3DC7B689C84}.Debug|x86.Build.0 = Debug|Any CPU
		{016181B2-9A15-42C6-8238-D3DC7B689C84}.nuget|Any CPU.ActiveCfg = Debug|Any CPU
		{016181B2-9A15-42C6-8238-D3DC7B689C84}.nuget|Any CPU.Build.0 = Debug|Any CPU
		{016181B2-9A15-42C6-8238-D3DC7B689C84}.nuget|x64.ActiveCfg = Debug|Any CPU
		{016181B2-9A15-42C6-8238-D3DC7B689C84}.nuget|x64.Build.0 = Debug|Any CPU
		{016181B2-9A15-42C6-8238-D3DC7B689C84}.nuget|x86.ActiveCfg = Debug|Any CPU
		{016181B2-9A15-42C6-8238-D3DC7B689C84}.nuget|x86.Build.0 = Debug|Any CPU
		{016181B2-9A15-42C6-8238-D3DC7B689C84}.Release|Any CPU.ActiveCfg = Release|Any CPU
		{016181B2-9A15-42C6-8238-D3DC7B689C84}.Release|Any CPU.Build.0 = Release|Any CPU
		{016181B2-9A15-42C6-8238-D3DC7B689C84}.Release|x64.ActiveCfg = Release|x64
		{016181B2-9A15-42C6-8238-D3DC7B689C84}.Release|x64.Build.0 = Release|x64
		{016181B2-9A15-42C6-8238-D3DC7B689C84}.Release|x86.ActiveCfg = Release|Any CPU
		{016181B2-9A15-42C6-8238-D3DC7B689C84}.Release|x86.Build.0 = Release|Any CPU
		{112953C0-E52B-4839-9FC0-C151A8013F55}.Debug|Any CPU.ActiveCfg = Debug|Any CPU
		{112953C0-E52B-4839-9FC0-C151A8013F55}.Debug|Any CPU.Build.0 = Debug|Any CPU
		{112953C0-E52B-4839-9FC0-C151A8013F55}.Debug|x64.ActiveCfg = Debug|Any CPU
		{112953C0-E52B-4839-9FC0-C151A8013F55}.Debug|x64.Build.0 = Debug|Any CPU
		{112953C0-E52B-4839-9FC0-C151A8013F55}.Debug|x86.ActiveCfg = Debug|Any CPU
		{112953C0-E52B-4839-9FC0-C151A8013F55}.Debug|x86.Build.0 = Debug|Any CPU
		{112953C0-E52B-4839-9FC0-C151A8013F55}.nuget|Any CPU.ActiveCfg = Debug|Any CPU
		{112953C0-E52B-4839-9FC0-C151A8013F55}.nuget|Any CPU.Build.0 = Debug|Any CPU
		{112953C0-E52B-4839-9FC0-C151A8013F55}.nuget|x64.ActiveCfg = Debug|Any CPU
		{112953C0-E52B-4839-9FC0-C151A8013F55}.nuget|x64.Build.0 = Debug|Any CPU
		{112953C0-E52B-4839-9FC0-C151A8013F55}.nuget|x86.ActiveCfg = Debug|Any CPU
		{112953C0-E52B-4839-9FC0-C151A8013F55}.nuget|x86.Build.0 = Debug|Any CPU
		{112953C0-E52B-4839-9FC0-C151A8013F55}.Release|Any CPU.ActiveCfg = Release|Any CPU
		{112953C0-E52B-4839-9FC0-C151A8013F55}.Release|Any CPU.Build.0 = Release|Any CPU
		{112953C0-E52B-4839-9FC0-C151A8013F55}.Release|x64.ActiveCfg = Release|x64
		{112953C0-E52B-4839-9FC0-C151A8013F55}.Release|x64.Build.0 = Release|x64
		{112953C0-E52B-4839-9FC0-C151A8013F55}.Release|x86.ActiveCfg = Release|Any CPU
		{112953C0-E52B-4839-9FC0-C151A8013F55}.Release|x86.Build.0 = Release|Any CPU
		{D5499401-7300-450A-B2F1-D651CE55FE02}.Debug|Any CPU.ActiveCfg = Debug|Any CPU
		{D5499401-7300-450A-B2F1-D651CE55FE02}.Debug|Any CPU.Build.0 = Debug|Any CPU
		{D5499401-7300-450A-B2F1-D651CE55FE02}.Debug|x64.ActiveCfg = Debug|Any CPU
		{D5499401-7300-450A-B2F1-D651CE55FE02}.Debug|x64.Build.0 = Debug|Any CPU
		{D5499401-7300-450A-B2F1-D651CE55FE02}.Debug|x86.ActiveCfg = Debug|Any CPU
		{D5499401-7300-450A-B2F1-D651CE55FE02}.Debug|x86.Build.0 = Debug|Any CPU
		{D5499401-7300-450A-B2F1-D651CE55FE02}.nuget|Any CPU.ActiveCfg = Debug|Any CPU
		{D5499401-7300-450A-B2F1-D651CE55FE02}.nuget|Any CPU.Build.0 = Debug|Any CPU
		{D5499401-7300-450A-B2F1-D651CE55FE02}.nuget|x64.ActiveCfg = Debug|Any CPU
		{D5499401-7300-450A-B2F1-D651CE55FE02}.nuget|x64.Build.0 = Debug|Any CPU
		{D5499401-7300-450A-B2F1-D651CE55FE02}.nuget|x86.ActiveCfg = Debug|Any CPU
		{D5499401-7300-450A-B2F1-D651CE55FE02}.nuget|x86.Build.0 = Debug|Any CPU
		{D5499401-7300-450A-B2F1-D651CE55FE02}.Release|Any CPU.ActiveCfg = Release|Any CPU
		{D5499401-7300-450A-B2F1-D651CE55FE02}.Release|Any CPU.Build.0 = Release|Any CPU
		{D5499401-7300-450A-B2F1-D651CE55FE02}.Release|x64.ActiveCfg = Release|x64
		{D5499401-7300-450A-B2F1-D651CE55FE02}.Release|x64.Build.0 = Release|x64
		{D5499401-7300-450A-B2F1-D651CE55FE02}.Release|x86.ActiveCfg = Release|Any CPU
		{D5499401-7300-450A-B2F1-D651CE55FE02}.Release|x86.Build.0 = Release|Any CPU
		{15F0A73D-6580-4509-B382-6D02A0C61F4B}.Debug|Any CPU.ActiveCfg = Debug|Any CPU
		{15F0A73D-6580-4509-B382-6D02A0C61F4B}.Debug|Any CPU.Build.0 = Debug|Any CPU
		{15F0A73D-6580-4509-B382-6D02A0C61F4B}.Debug|x64.ActiveCfg = Debug|Any CPU
		{15F0A73D-6580-4509-B382-6D02A0C61F4B}.Debug|x64.Build.0 = Debug|Any CPU
		{15F0A73D-6580-4509-B382-6D02A0C61F4B}.Debug|x86.ActiveCfg = Debug|Any CPU
		{15F0A73D-6580-4509-B382-6D02A0C61F4B}.Debug|x86.Build.0 = Debug|Any CPU
		{15F0A73D-6580-4509-B382-6D02A0C61F4B}.nuget|Any CPU.ActiveCfg = Debug|Any CPU
		{15F0A73D-6580-4509-B382-6D02A0C61F4B}.nuget|Any CPU.Build.0 = Debug|Any CPU
		{15F0A73D-6580-4509-B382-6D02A0C61F4B}.nuget|x64.ActiveCfg = Debug|Any CPU
		{15F0A73D-6580-4509-B382-6D02A0C61F4B}.nuget|x64.Build.0 = Debug|Any CPU
		{15F0A73D-6580-4509-B382-6D02A0C61F4B}.nuget|x86.ActiveCfg = Debug|Any CPU
		{15F0A73D-6580-4509-B382-6D02A0C61F4B}.nuget|x86.Build.0 = Debug|Any CPU
		{15F0A73D-6580-4509-B382-6D02A0C61F4B}.Release|Any CPU.ActiveCfg = Release|Any CPU
		{15F0A73D-6580-4509-B382-6D02A0C61F4B}.Release|Any CPU.Build.0 = Release|Any CPU
		{15F0A73D-6580-4509-B382-6D02A0C61F4B}.Release|x64.ActiveCfg = Release|Any CPU
		{15F0A73D-6580-4509-B382-6D02A0C61F4B}.Release|x64.Build.0 = Release|Any CPU
		{15F0A73D-6580-4509-B382-6D02A0C61F4B}.Release|x86.ActiveCfg = Release|Any CPU
		{15F0A73D-6580-4509-B382-6D02A0C61F4B}.Release|x86.Build.0 = Release|Any CPU
		{0C08C662-5325-4E48-9EFB-FBCEFE151846}.Debug|Any CPU.ActiveCfg = Debug|Any CPU
		{0C08C662-5325-4E48-9EFB-FBCEFE151846}.Debug|Any CPU.Build.0 = Debug|Any CPU
		{0C08C662-5325-4E48-9EFB-FBCEFE151846}.Debug|x64.ActiveCfg = Debug|x64
		{0C08C662-5325-4E48-9EFB-FBCEFE151846}.Debug|x64.Build.0 = Debug|x64
		{0C08C662-5325-4E48-9EFB-FBCEFE151846}.Debug|x86.ActiveCfg = Debug|Any CPU
		{0C08C662-5325-4E48-9EFB-FBCEFE151846}.Debug|x86.Build.0 = Debug|Any CPU
		{0C08C662-5325-4E48-9EFB-FBCEFE151846}.nuget|Any CPU.ActiveCfg = Debug|Any CPU
		{0C08C662-5325-4E48-9EFB-FBCEFE151846}.nuget|Any CPU.Build.0 = Debug|Any CPU
		{0C08C662-5325-4E48-9EFB-FBCEFE151846}.nuget|x64.ActiveCfg = Debug|x64
		{0C08C662-5325-4E48-9EFB-FBCEFE151846}.nuget|x64.Build.0 = Debug|x64
		{0C08C662-5325-4E48-9EFB-FBCEFE151846}.nuget|x86.ActiveCfg = Debug|Any CPU
		{0C08C662-5325-4E48-9EFB-FBCEFE151846}.nuget|x86.Build.0 = Debug|Any CPU
		{0C08C662-5325-4E48-9EFB-FBCEFE151846}.Release|Any CPU.ActiveCfg = Release|Any CPU
		{0C08C662-5325-4E48-9EFB-FBCEFE151846}.Release|Any CPU.Build.0 = Release|Any CPU
		{0C08C662-5325-4E48-9EFB-FBCEFE151846}.Release|x64.ActiveCfg = Release|x64
		{0C08C662-5325-4E48-9EFB-FBCEFE151846}.Release|x64.Build.0 = Release|x64
		{0C08C662-5325-4E48-9EFB-FBCEFE151846}.Release|x86.ActiveCfg = Release|Any CPU
		{0C08C662-5325-4E48-9EFB-FBCEFE151846}.Release|x86.Build.0 = Release|Any CPU
	EndGlobalSection
	GlobalSection(SolutionProperties) = preSolution
		HideSolutionNode = FALSE
	EndGlobalSection
	GlobalSection(NestedProjects) = preSolution
		{0ED57E9F-DA22-4022-BBCC-63164C3492F4} = {61AB4FF0-0864-4913-A619-1DE557B074CB}
		{016181B2-9A15-42C6-8238-D3DC7B689C84} = {61AB4FF0-0864-4913-A619-1DE557B074CB}
		{112953C0-E52B-4839-9FC0-C151A8013F55} = {61AB4FF0-0864-4913-A619-1DE557B074CB}
		{D5499401-7300-450A-B2F1-D651CE55FE02} = {3AC3A5CA-A2C7-4A53-9F22-4B407D8D1860}
		{15F0A73D-6580-4509-B382-6D02A0C61F4B} = {3AC3A5CA-A2C7-4A53-9F22-4B407D8D1860}
		{0C08C662-5325-4E48-9EFB-FBCEFE151846} = {61AB4FF0-0864-4913-A619-1DE557B074CB}
	EndGlobalSection
	GlobalSection(ExtensibilityGlobals) = postSolution
		SolutionGuid = {0975DF4D-8C08-4B27-80EE-27DD04B9B32F}
	EndGlobalSection
EndGlobal
