
Microsoft Visual Studio Solution File, Format Version 12.00
# Visual Studio Version 16
VisualStudioVersion = 16.0.31515.178
MinimumVisualStudioVersion = 10.0.40219.1
Project("{FAE04EC0-301F-11D3-BF4B-00C04F79EFBC}") = "BMAWebApi", "..\..\src\BMAWebApi\BMAWebApi.csproj", "{6652FDAB-C878-4661-BAAD-664CF8327467}"
EndProject
Project("{2150E333-8FDC-42A3-9474-1A3956D46DE8}") = "Analysis", "Analysis", "{A46E4C40-4D7B-4288-AC02-CB1FA32C4B87}"
EndProject
Project("{F2A71F9B-5D33-465A-A702-920D77279786}") = "BioCheckAnalyzer", "..\..\src\BioCheckAnalyzer\BioCheckAnalyzer.fsproj", "{27FCEE47-CED8-4629-9989-7E9A490B090E}"
EndProject
Project("{FAE04EC0-301F-11D3-BF4B-00C04F79EFBC}") = "BioCheckAnalyzerCommon", "..\..\src\BioCheckAnalyzerCommon\BioCheckAnalyzerCommon.csproj", "{61E37D4E-172B-45DD-9289-5C874A8320F0}"
EndProject
Project("{FAE04EC0-301F-11D3-BF4B-00C04F79EFBC}") = "BmaBioCheckAnalyzer", "..\..\src\BmaBioCheckAnalyzer\BmaBioCheckAnalyzer.csproj", "{573C06C3-AB0D-4DB5-A2E2-53A40E1BBA57}"
EndProject
Project("{2150E333-8FDC-42A3-9474-1A3956D46DE8}") = "Jobs", "Jobs", "{382FAE4E-34DE-4EDF-8819-9C417113BF91}"
EndProject
Project("{FAE04EC0-301F-11D3-BF4B-00C04F79EFBC}") = "Analyze", "..\..\src\Jobs\Analyze\Analyze.csproj", "{DFFB825C-8482-4CC2-BF67-0B787A9F5E1E}"
EndProject
Project("{FAE04EC0-301F-11D3-BF4B-00C04F79EFBC}") = "AnalyzeLTL", "..\..\src\Jobs\AnalyzeLTL\AnalyzeLTL.csproj", "{F27A4A37-7FDE-473E-AC6A-DCB38451BBF4}"
EndProject
Project("{FAE04EC0-301F-11D3-BF4B-00C04F79EFBC}") = "FurtherTesting", "..\..\src\Jobs\FurtherTesting\FurtherTesting.csproj", "{31CD1208-F215-40CE-80B9-0093E1B1494B}"
EndProject
Project("{FAE04EC0-301F-11D3-BF4B-00C04F79EFBC}") = "JobsRunner", "..\..\src\Jobs\JobsRunner\JobsRunner.csproj", "{062C2F38-D571-459A-9E67-43C9B074EB9C}"
EndProject
Project("{FAE04EC0-301F-11D3-BF4B-00C04F79EFBC}") = "Simulate", "..\..\src\Jobs\Simulate\Simulate.csproj", "{90FF5549-6138-4653-89C7-5A0DFB9034CF}"
EndProject
Project("{FAE04EC0-301F-11D3-BF4B-00C04F79EFBC}") = "SimulateLTL", "..\..\src\Jobs\SimulateLTL\SimulateLTL.csproj", "{E7535067-7B3D-4E8F-81B9-62E23550B535}"
EndProject
Project("{FAE04EC0-301F-11D3-BF4B-00C04F79EFBC}") = "bma.package", "..\..\src\bma.package\bma.package.csproj", "{68A7F32F-0860-4688-8C82-C55196461E48}"
EndProject
Project("{FAE04EC0-301F-11D3-BF4B-00C04F79EFBC}") = "bma.client", "..\..\src\bma.client\bma.client.csproj", "{A314F5C8-D91B-4AC0-A9CE-22BD7696DBFF}"
EndProject
Project("{F2A71F9B-5D33-465A-A702-920D77279786}") = "bma.selfhost", "..\..\src\bma.selfhost\bma.selfhost.fsproj", "{6D2466FC-FA2A-4822-A049-13F19DFD14F3}"
EndProject
Project("{FAE04EC0-301F-11D3-BF4B-00C04F79EFBC}") = "ApiServer", "..\..\src\ApiServer\ApiServer.csproj", "{8F8EE772-02FA-4623-B407-006FB7B9A314}"
EndProject
Project("{2150E333-8FDC-42A3-9474-1A3956D46DE8}") = "Scheduling", "Scheduling", "{4E0D197A-C5D6-4AC1-8AE5-F700C3C2E6C7}"
EndProject
Project("{F2A71F9B-5D33-465A-A702-920D77279786}") = "FairShareScheduler", "..\..\src\FairShareScheduler\FairShareScheduler.fsproj", "{A66E4EE3-5D4E-4889-90EC-36317A4DE882}"
EndProject
Project("{F2A71F9B-5D33-465A-A702-920D77279786}") = "FairShareScheduler.Common", "..\..\src\FairShareScheduler.Common\FairShareScheduler.Common.fsproj", "{850DF26E-27B2-4766-99DE-B815616C0D90}"
EndProject
Project("{F2A71F9B-5D33-465A-A702-920D77279786}") = "BioCheckConsole", "..\..\src\BioCheckConsole\BioCheckConsole.fsproj", "{0F088352-D63F-48AD-A000-AFD456157B7D}"
EndProject
Project("{930C7802-8A8C-48F9-8165-68863BCCD9DD}") = "bma.install", "..\..\src\bma.install\bma.install.wixproj", "{EE068CCF-C3E4-480D-97FC-5C680A89417C}"
EndProject
Project("{8BC9CEB8-8B4A-11D0-8D11-00A0C91BC942}") = "Cudd3", "..\..\ext\CUDD\Cudd3.vcxproj", "{3F8A5E7A-61EF-43C7-A4D2-7C49ED911ADE}"
EndProject
Project("{8BC9CEB8-8B4A-11D0-8D11-00A0C91BC942}") = "Attractors", "..\..\src\Attractors\Attractors.vcxproj", "{6E5E8D22-3DFA-4084-84C8-5FC297AE5859}"
EndProject
Project("{2150E333-8FDC-42A3-9474-1A3956D46DE8}") = "Console", "Console", "{7A623287-128F-471C-9CBE-EC7B96BCF025}"
EndProject
Global
	GlobalSection(SolutionConfigurationPlatforms) = preSolution
		Debug|Any CPU = Debug|Any CPU
		Debug|x64 = Debug|x64
		Debug|x86 = Debug|x86
		nuget|Any CPU = nuget|Any CPU
		nuget|x64 = nuget|x64
		nuget|x86 = nuget|x86
		Release|Any CPU = Release|Any CPU
		Release|x64 = Release|x64
		Release|x86 = Release|x86
	EndGlobalSection
	GlobalSection(ProjectConfigurationPlatforms) = postSolution
		{6652FDAB-C878-4661-BAAD-664CF8327467}.Debug|Any CPU.ActiveCfg = Debug|x86
		{6652FDAB-C878-4661-BAAD-664CF8327467}.Debug|x64.ActiveCfg = Debug|x64
		{6652FDAB-C878-4661-BAAD-664CF8327467}.Debug|x64.Build.0 = Debug|x64
		{6652FDAB-C878-4661-BAAD-664CF8327467}.Debug|x86.ActiveCfg = Debug|x86
		{6652FDAB-C878-4661-BAAD-664CF8327467}.Debug|x86.Build.0 = Debug|x86
		{6652FDAB-C878-4661-BAAD-664CF8327467}.nuget|Any CPU.ActiveCfg = Release|x64
		{6652FDAB-C878-4661-BAAD-664CF8327467}.nuget|Any CPU.Build.0 = Release|x64
		{6652FDAB-C878-4661-BAAD-664CF8327467}.nuget|x64.ActiveCfg = Release|x64
		{6652FDAB-C878-4661-BAAD-664CF8327467}.nuget|x64.Build.0 = Release|x64
		{6652FDAB-C878-4661-BAAD-664CF8327467}.nuget|x86.ActiveCfg = Release|x86
		{6652FDAB-C878-4661-BAAD-664CF8327467}.nuget|x86.Build.0 = Release|x86
		{6652FDAB-C878-4661-BAAD-664CF8327467}.Release|Any CPU.ActiveCfg = Release|x86
		{6652FDAB-C878-4661-BAAD-664CF8327467}.Release|x64.ActiveCfg = Release|x64
		{6652FDAB-C878-4661-BAAD-664CF8327467}.Release|x64.Build.0 = Release|x64
		{6652FDAB-C878-4661-BAAD-664CF8327467}.Release|x86.ActiveCfg = Release|x86
		{6652FDAB-C878-4661-BAAD-664CF8327467}.Release|x86.Build.0 = Release|x86
		{27FCEE47-CED8-4629-9989-7E9A490B090E}.Debug|Any CPU.ActiveCfg = Debug|x86
		{27FCEE47-CED8-4629-9989-7E9A490B090E}.Debug|x64.ActiveCfg = Debug|x64
		{27FCEE47-CED8-4629-9989-7E9A490B090E}.Debug|x64.Build.0 = Debug|x64
		{27FCEE47-CED8-4629-9989-7E9A490B090E}.Debug|x86.ActiveCfg = Debug|x86
		{27FCEE47-CED8-4629-9989-7E9A490B090E}.Debug|x86.Build.0 = Debug|x86
		{27FCEE47-CED8-4629-9989-7E9A490B090E}.nuget|Any CPU.ActiveCfg = Release|x64
		{27FCEE47-CED8-4629-9989-7E9A490B090E}.nuget|Any CPU.Build.0 = Release|x64
		{27FCEE47-CED8-4629-9989-7E9A490B090E}.nuget|x64.ActiveCfg = Release|x64
		{27FCEE47-CED8-4629-9989-7E9A490B090E}.nuget|x64.Build.0 = Release|x64
		{27FCEE47-CED8-4629-9989-7E9A490B090E}.nuget|x86.ActiveCfg = Release|x86
		{27FCEE47-CED8-4629-9989-7E9A490B090E}.nuget|x86.Build.0 = Release|x86
		{27FCEE47-CED8-4629-9989-7E9A490B090E}.Release|Any CPU.ActiveCfg = Release|x86
		{27FCEE47-CED8-4629-9989-7E9A490B090E}.Release|x64.ActiveCfg = Release|x64
		{27FCEE47-CED8-4629-9989-7E9A490B090E}.Release|x64.Build.0 = Release|x64
		{27FCEE47-CED8-4629-9989-7E9A490B090E}.Release|x86.ActiveCfg = Release|x86
		{27FCEE47-CED8-4629-9989-7E9A490B090E}.Release|x86.Build.0 = Release|x86
		{61E37D4E-172B-45DD-9289-5C874A8320F0}.Debug|Any CPU.ActiveCfg = Debug|Any CPU
		{61E37D4E-172B-45DD-9289-5C874A8320F0}.Debug|Any CPU.Build.0 = Debug|Any CPU
		{61E37D4E-172B-45DD-9289-5C874A8320F0}.Debug|x64.ActiveCfg = Debug|x64
		{61E37D4E-172B-45DD-9289-5C874A8320F0}.Debug|x64.Build.0 = Debug|x64
		{61E37D4E-172B-45DD-9289-5C874A8320F0}.Debug|x86.ActiveCfg = Debug|Any CPU
		{61E37D4E-172B-45DD-9289-5C874A8320F0}.Debug|x86.Build.0 = Debug|Any CPU
		{61E37D4E-172B-45DD-9289-5C874A8320F0}.nuget|Any CPU.ActiveCfg = Release|Any CPU
		{61E37D4E-172B-45DD-9289-5C874A8320F0}.nuget|Any CPU.Build.0 = Release|Any CPU
		{61E37D4E-172B-45DD-9289-5C874A8320F0}.nuget|x64.ActiveCfg = Release|x64
		{61E37D4E-172B-45DD-9289-5C874A8320F0}.nuget|x64.Build.0 = Release|x64
		{61E37D4E-172B-45DD-9289-5C874A8320F0}.nuget|x86.ActiveCfg = Release|Any CPU
		{61E37D4E-172B-45DD-9289-5C874A8320F0}.nuget|x86.Build.0 = Release|Any CPU
		{61E37D4E-172B-45DD-9289-5C874A8320F0}.Release|Any CPU.ActiveCfg = Release|Any CPU
		{61E37D4E-172B-45DD-9289-5C874A8320F0}.Release|Any CPU.Build.0 = Release|Any CPU
		{61E37D4E-172B-45DD-9289-5C874A8320F0}.Release|x64.ActiveCfg = Release|x64
		{61E37D4E-172B-45DD-9289-5C874A8320F0}.Release|x64.Build.0 = Release|x64
		{61E37D4E-172B-45DD-9289-5C874A8320F0}.Release|x86.ActiveCfg = Release|Any CPU
		{61E37D4E-172B-45DD-9289-5C874A8320F0}.Release|x86.Build.0 = Release|Any CPU
		{573C06C3-AB0D-4DB5-A2E2-53A40E1BBA57}.Debug|Any CPU.ActiveCfg = Debug|x86
		{573C06C3-AB0D-4DB5-A2E2-53A40E1BBA57}.Debug|x64.ActiveCfg = Debug|x64
		{573C06C3-AB0D-4DB5-A2E2-53A40E1BBA57}.Debug|x64.Build.0 = Debug|x64
		{573C06C3-AB0D-4DB5-A2E2-53A40E1BBA57}.Debug|x86.ActiveCfg = Debug|x86
		{573C06C3-AB0D-4DB5-A2E2-53A40E1BBA57}.Debug|x86.Build.0 = Debug|x86
		{573C06C3-AB0D-4DB5-A2E2-53A40E1BBA57}.nuget|Any CPU.ActiveCfg = Release|x64
		{573C06C3-AB0D-4DB5-A2E2-53A40E1BBA57}.nuget|Any CPU.Build.0 = Release|x64
		{573C06C3-AB0D-4DB5-A2E2-53A40E1BBA57}.nuget|x64.ActiveCfg = Release|x64
		{573C06C3-AB0D-4DB5-A2E2-53A40E1BBA57}.nuget|x64.Build.0 = Release|x64
		{573C06C3-AB0D-4DB5-A2E2-53A40E1BBA57}.nuget|x86.ActiveCfg = Release|x86
		{573C06C3-AB0D-4DB5-A2E2-53A40E1BBA57}.nuget|x86.Build.0 = Release|x86
		{573C06C3-AB0D-4DB5-A2E2-53A40E1BBA57}.Release|Any CPU.ActiveCfg = Release|x86
		{573C06C3-AB0D-4DB5-A2E2-53A40E1BBA57}.Release|x64.ActiveCfg = Release|x64
		{573C06C3-AB0D-4DB5-A2E2-53A40E1BBA57}.Release|x64.Build.0 = Release|x64
		{573C06C3-AB0D-4DB5-A2E2-53A40E1BBA57}.Release|x86.ActiveCfg = Release|x86
		{573C06C3-AB0D-4DB5-A2E2-53A40E1BBA57}.Release|x86.Build.0 = Release|x86
		{DFFB825C-8482-4CC2-BF67-0B787A9F5E1E}.Debug|Any CPU.ActiveCfg = Debug|x86
		{DFFB825C-8482-4CC2-BF67-0B787A9F5E1E}.Debug|x64.ActiveCfg = Debug|x64
		{DFFB825C-8482-4CC2-BF67-0B787A9F5E1E}.Debug|x64.Build.0 = Debug|x64
		{DFFB825C-8482-4CC2-BF67-0B787A9F5E1E}.Debug|x86.ActiveCfg = Debug|x86
		{DFFB825C-8482-4CC2-BF67-0B787A9F5E1E}.Debug|x86.Build.0 = Debug|x86
		{DFFB825C-8482-4CC2-BF67-0B787A9F5E1E}.nuget|Any CPU.ActiveCfg = Release|x64
		{DFFB825C-8482-4CC2-BF67-0B787A9F5E1E}.nuget|Any CPU.Build.0 = Release|x64
		{DFFB825C-8482-4CC2-BF67-0B787A9F5E1E}.nuget|x64.ActiveCfg = Release|x64
		{DFFB825C-8482-4CC2-BF67-0B787A9F5E1E}.nuget|x64.Build.0 = Release|x64
		{DFFB825C-8482-4CC2-BF67-0B787A9F5E1E}.nuget|x86.ActiveCfg = Release|x86
		{DFFB825C-8482-4CC2-BF67-0B787A9F5E1E}.nuget|x86.Build.0 = Release|x86
		{DFFB825C-8482-4CC2-BF67-0B787A9F5E1E}.Release|Any CPU.ActiveCfg = Release|x86
		{DFFB825C-8482-4CC2-BF67-0B787A9F5E1E}.Release|x64.ActiveCfg = Release|x64
		{DFFB825C-8482-4CC2-BF67-0B787A9F5E1E}.Release|x64.Build.0 = Release|x64
		{DFFB825C-8482-4CC2-BF67-0B787A9F5E1E}.Release|x86.ActiveCfg = Release|x86
		{DFFB825C-8482-4CC2-BF67-0B787A9F5E1E}.Release|x86.Build.0 = Release|x86
		{F27A4A37-7FDE-473E-AC6A-DCB38451BBF4}.Debug|Any CPU.ActiveCfg = Debug|x86
		{F27A4A37-7FDE-473E-AC6A-DCB38451BBF4}.Debug|x64.ActiveCfg = Debug|x64
		{F27A4A37-7FDE-473E-AC6A-DCB38451BBF4}.Debug|x64.Build.0 = Debug|x64
		{F27A4A37-7FDE-473E-AC6A-DCB38451BBF4}.Debug|x86.ActiveCfg = Debug|x86
		{F27A4A37-7FDE-473E-AC6A-DCB38451BBF4}.Debug|x86.Build.0 = Debug|x86
		{F27A4A37-7FDE-473E-AC6A-DCB38451BBF4}.nuget|Any CPU.ActiveCfg = Release|x64
		{F27A4A37-7FDE-473E-AC6A-DCB38451BBF4}.nuget|Any CPU.Build.0 = Release|x64
		{F27A4A37-7FDE-473E-AC6A-DCB38451BBF4}.nuget|x64.ActiveCfg = Release|x64
		{F27A4A37-7FDE-473E-AC6A-DCB38451BBF4}.nuget|x64.Build.0 = Release|x64
		{F27A4A37-7FDE-473E-AC6A-DCB38451BBF4}.nuget|x86.ActiveCfg = Release|x86
		{F27A4A37-7FDE-473E-AC6A-DCB38451BBF4}.nuget|x86.Build.0 = Release|x86
		{F27A4A37-7FDE-473E-AC6A-DCB38451BBF4}.Release|Any CPU.ActiveCfg = Release|x86
		{F27A4A37-7FDE-473E-AC6A-DCB38451BBF4}.Release|x64.ActiveCfg = Release|x64
		{F27A4A37-7FDE-473E-AC6A-DCB38451BBF4}.Release|x64.Build.0 = Release|x64
		{F27A4A37-7FDE-473E-AC6A-DCB38451BBF4}.Release|x86.ActiveCfg = Release|x86
		{F27A4A37-7FDE-473E-AC6A-DCB38451BBF4}.Release|x86.Build.0 = Release|x86
		{31CD1208-F215-40CE-80B9-0093E1B1494B}.Debug|Any CPU.ActiveCfg = Debug|x86
		{31CD1208-F215-40CE-80B9-0093E1B1494B}.Debug|x64.ActiveCfg = Debug|x64
		{31CD1208-F215-40CE-80B9-0093E1B1494B}.Debug|x64.Build.0 = Debug|x64
		{31CD1208-F215-40CE-80B9-0093E1B1494B}.Debug|x86.ActiveCfg = Debug|x86
		{31CD1208-F215-40CE-80B9-0093E1B1494B}.Debug|x86.Build.0 = Debug|x86
		{31CD1208-F215-40CE-80B9-0093E1B1494B}.nuget|Any CPU.ActiveCfg = Release|x64
		{31CD1208-F215-40CE-80B9-0093E1B1494B}.nuget|Any CPU.Build.0 = Release|x64
		{31CD1208-F215-40CE-80B9-0093E1B1494B}.nuget|x64.ActiveCfg = Release|x64
		{31CD1208-F215-40CE-80B9-0093E1B1494B}.nuget|x64.Build.0 = Release|x64
		{31CD1208-F215-40CE-80B9-0093E1B1494B}.nuget|x86.ActiveCfg = Release|x86
		{31CD1208-F215-40CE-80B9-0093E1B1494B}.nuget|x86.Build.0 = Release|x86
		{31CD1208-F215-40CE-80B9-0093E1B1494B}.Release|Any CPU.ActiveCfg = Release|x86
		{31CD1208-F215-40CE-80B9-0093E1B1494B}.Release|x64.ActiveCfg = Release|x64
		{31CD1208-F215-40CE-80B9-0093E1B1494B}.Release|x64.Build.0 = Release|x64
		{31CD1208-F215-40CE-80B9-0093E1B1494B}.Release|x86.ActiveCfg = Release|x86
		{31CD1208-F215-40CE-80B9-0093E1B1494B}.Release|x86.Build.0 = Release|x86
		{062C2F38-D571-459A-9E67-43C9B074EB9C}.Debug|Any CPU.ActiveCfg = Debug|Any CPU
		{062C2F38-D571-459A-9E67-43C9B074EB9C}.Debug|Any CPU.Build.0 = Debug|Any CPU
		{062C2F38-D571-459A-9E67-43C9B074EB9C}.Debug|x64.ActiveCfg = Debug|x64
		{062C2F38-D571-459A-9E67-43C9B074EB9C}.Debug|x64.Build.0 = Debug|x64
		{062C2F38-D571-459A-9E67-43C9B074EB9C}.Debug|x86.ActiveCfg = Debug|Any CPU
		{062C2F38-D571-459A-9E67-43C9B074EB9C}.Debug|x86.Build.0 = Debug|Any CPU
		{062C2F38-D571-459A-9E67-43C9B074EB9C}.nuget|Any CPU.ActiveCfg = Release|Any CPU
		{062C2F38-D571-459A-9E67-43C9B074EB9C}.nuget|Any CPU.Build.0 = Release|Any CPU
		{062C2F38-D571-459A-9E67-43C9B074EB9C}.nuget|x64.ActiveCfg = Release|x64
		{062C2F38-D571-459A-9E67-43C9B074EB9C}.nuget|x64.Build.0 = Release|x64
		{062C2F38-D571-459A-9E67-43C9B074EB9C}.nuget|x86.ActiveCfg = Release|Any CPU
		{062C2F38-D571-459A-9E67-43C9B074EB9C}.nuget|x86.Build.0 = Release|Any CPU
		{062C2F38-D571-459A-9E67-43C9B074EB9C}.Release|Any CPU.ActiveCfg = Release|Any CPU
		{062C2F38-D571-459A-9E67-43C9B074EB9C}.Release|Any CPU.Build.0 = Release|Any CPU
		{062C2F38-D571-459A-9E67-43C9B074EB9C}.Release|x64.ActiveCfg = Release|x64
		{062C2F38-D571-459A-9E67-43C9B074EB9C}.Release|x64.Build.0 = Release|x64
		{062C2F38-D571-459A-9E67-43C9B074EB9C}.Release|x86.ActiveCfg = Release|Any CPU
		{062C2F38-D571-459A-9E67-43C9B074EB9C}.Release|x86.Build.0 = Release|Any CPU
		{90FF5549-6138-4653-89C7-5A0DFB9034CF}.Debug|Any CPU.ActiveCfg = Debug|x86
		{90FF5549-6138-4653-89C7-5A0DFB9034CF}.Debug|x64.ActiveCfg = Debug|x64
		{90FF5549-6138-4653-89C7-5A0DFB9034CF}.Debug|x64.Build.0 = Debug|x64
		{90FF5549-6138-4653-89C7-5A0DFB9034CF}.Debug|x86.ActiveCfg = Debug|x86
		{90FF5549-6138-4653-89C7-5A0DFB9034CF}.Debug|x86.Build.0 = Debug|x86
		{90FF5549-6138-4653-89C7-5A0DFB9034CF}.nuget|Any CPU.ActiveCfg = Release|x64
		{90FF5549-6138-4653-89C7-5A0DFB9034CF}.nuget|Any CPU.Build.0 = Release|x64
		{90FF5549-6138-4653-89C7-5A0DFB9034CF}.nuget|x64.ActiveCfg = Release|x64
		{90FF5549-6138-4653-89C7-5A0DFB9034CF}.nuget|x64.Build.0 = Release|x64
		{90FF5549-6138-4653-89C7-5A0DFB9034CF}.nuget|x86.ActiveCfg = Release|x86
		{90FF5549-6138-4653-89C7-5A0DFB9034CF}.nuget|x86.Build.0 = Release|x86
		{90FF5549-6138-4653-89C7-5A0DFB9034CF}.Release|Any CPU.ActiveCfg = Release|x86
		{90FF5549-6138-4653-89C7-5A0DFB9034CF}.Release|x64.ActiveCfg = Release|x64
		{90FF5549-6138-4653-89C7-5A0DFB9034CF}.Release|x64.Build.0 = Release|x64
		{90FF5549-6138-4653-89C7-5A0DFB9034CF}.Release|x86.ActiveCfg = Release|x86
		{90FF5549-6138-4653-89C7-5A0DFB9034CF}.Release|x86.Build.0 = Release|x86
		{E7535067-7B3D-4E8F-81B9-62E23550B535}.Debug|Any CPU.ActiveCfg = Debug|x86
		{E7535067-7B3D-4E8F-81B9-62E23550B535}.Debug|x64.ActiveCfg = Debug|x64
		{E7535067-7B3D-4E8F-81B9-62E23550B535}.Debug|x64.Build.0 = Debug|x64
		{E7535067-7B3D-4E8F-81B9-62E23550B535}.Debug|x86.ActiveCfg = Debug|x86
		{E7535067-7B3D-4E8F-81B9-62E23550B535}.Debug|x86.Build.0 = Debug|x86
		{E7535067-7B3D-4E8F-81B9-62E23550B535}.nuget|Any CPU.ActiveCfg = Release|x64
		{E7535067-7B3D-4E8F-81B9-62E23550B535}.nuget|Any CPU.Build.0 = Release|x64
		{E7535067-7B3D-4E8F-81B9-62E23550B535}.nuget|x64.ActiveCfg = Release|x64
		{E7535067-7B3D-4E8F-81B9-62E23550B535}.nuget|x64.Build.0 = Release|x64
		{E7535067-7B3D-4E8F-81B9-62E23550B535}.nuget|x86.ActiveCfg = Release|x86
		{E7535067-7B3D-4E8F-81B9-62E23550B535}.nuget|x86.Build.0 = Release|x86
		{E7535067-7B3D-4E8F-81B9-62E23550B535}.Release|Any CPU.ActiveCfg = Release|x86
		{E7535067-7B3D-4E8F-81B9-62E23550B535}.Release|x64.ActiveCfg = Release|x64
		{E7535067-7B3D-4E8F-81B9-62E23550B535}.Release|x64.Build.0 = Release|x64
		{E7535067-7B3D-4E8F-81B9-62E23550B535}.Release|x86.ActiveCfg = Release|x86
		{E7535067-7B3D-4E8F-81B9-62E23550B535}.Release|x86.Build.0 = Release|x86
		{68A7F32F-0860-4688-8C82-C55196461E48}.Debug|Any CPU.ActiveCfg = Debug|Any CPU
		{68A7F32F-0860-4688-8C82-C55196461E48}.Debug|Any CPU.Build.0 = Debug|Any CPU
		{68A7F32F-0860-4688-8C82-C55196461E48}.Debug|x64.ActiveCfg = Debug|Any CPU
		{68A7F32F-0860-4688-8C82-C55196461E48}.Debug|x64.Build.0 = Debug|Any CPU
		{68A7F32F-0860-4688-8C82-C55196461E48}.Debug|x86.ActiveCfg = Debug|Any CPU
		{68A7F32F-0860-4688-8C82-C55196461E48}.Debug|x86.Build.0 = Debug|Any CPU
		{68A7F32F-0860-4688-8C82-C55196461E48}.nuget|Any CPU.ActiveCfg = Release|Any CPU
		{68A7F32F-0860-4688-8C82-C55196461E48}.nuget|Any CPU.Build.0 = Release|Any CPU
		{68A7F32F-0860-4688-8C82-C55196461E48}.nuget|x64.ActiveCfg = Release|Any CPU
		{68A7F32F-0860-4688-8C82-C55196461E48}.nuget|x64.Build.0 = Release|Any CPU
		{68A7F32F-0860-4688-8C82-C55196461E48}.nuget|x86.ActiveCfg = Release|Any CPU
		{68A7F32F-0860-4688-8C82-C55196461E48}.nuget|x86.Build.0 = Release|Any CPU
		{68A7F32F-0860-4688-8C82-C55196461E48}.Release|Any CPU.ActiveCfg = Release|Any CPU
		{68A7F32F-0860-4688-8C82-C55196461E48}.Release|Any CPU.Build.0 = Release|Any CPU
		{68A7F32F-0860-4688-8C82-C55196461E48}.Release|x64.ActiveCfg = Release|Any CPU
		{68A7F32F-0860-4688-8C82-C55196461E48}.Release|x64.Build.0 = Release|Any CPU
		{68A7F32F-0860-4688-8C82-C55196461E48}.Release|x86.ActiveCfg = Release|Any CPU
		{68A7F32F-0860-4688-8C82-C55196461E48}.Release|x86.Build.0 = Release|Any CPU
		{A314F5C8-D91B-4AC0-A9CE-22BD7696DBFF}.Debug|Any CPU.ActiveCfg = Debug|Any CPU
		{A314F5C8-D91B-4AC0-A9CE-22BD7696DBFF}.Debug|Any CPU.Build.0 = Debug|Any CPU
		{A314F5C8-D91B-4AC0-A9CE-22BD7696DBFF}.Debug|x64.ActiveCfg = Debug|x64
		{A314F5C8-D91B-4AC0-A9CE-22BD7696DBFF}.Debug|x64.Build.0 = Debug|x64
		{A314F5C8-D91B-4AC0-A9CE-22BD7696DBFF}.Debug|x86.ActiveCfg = Debug|Any CPU
		{A314F5C8-D91B-4AC0-A9CE-22BD7696DBFF}.Debug|x86.Build.0 = Debug|Any CPU
		{A314F5C8-D91B-4AC0-A9CE-22BD7696DBFF}.nuget|Any CPU.ActiveCfg = Release|Any CPU
		{A314F5C8-D91B-4AC0-A9CE-22BD7696DBFF}.nuget|Any CPU.Build.0 = Release|Any CPU
		{A314F5C8-D91B-4AC0-A9CE-22BD7696DBFF}.nuget|x64.ActiveCfg = Release|x64
		{A314F5C8-D91B-4AC0-A9CE-22BD7696DBFF}.nuget|x64.Build.0 = Release|x64
		{A314F5C8-D91B-4AC0-A9CE-22BD7696DBFF}.nuget|x86.ActiveCfg = Release|Any CPU
		{A314F5C8-D91B-4AC0-A9CE-22BD7696DBFF}.nuget|x86.Build.0 = Release|Any CPU
		{A314F5C8-D91B-4AC0-A9CE-22BD7696DBFF}.Release|Any CPU.ActiveCfg = Release|Any CPU
		{A314F5C8-D91B-4AC0-A9CE-22BD7696DBFF}.Release|Any CPU.Build.0 = Release|Any CPU
		{A314F5C8-D91B-4AC0-A9CE-22BD7696DBFF}.Release|x64.ActiveCfg = Release|x64
		{A314F5C8-D91B-4AC0-A9CE-22BD7696DBFF}.Release|x64.Build.0 = Release|x64
		{A314F5C8-D91B-4AC0-A9CE-22BD7696DBFF}.Release|x86.ActiveCfg = Release|Any CPU
		{A314F5C8-D91B-4AC0-A9CE-22BD7696DBFF}.Release|x86.Build.0 = Release|Any CPU
		{6D2466FC-FA2A-4822-A049-13F19DFD14F3}.Debug|Any CPU.ActiveCfg = Debug|x86
		{6D2466FC-FA2A-4822-A049-13F19DFD14F3}.Debug|x64.ActiveCfg = Debug|x64
		{6D2466FC-FA2A-4822-A049-13F19DFD14F3}.Debug|x64.Build.0 = Debug|x64
		{6D2466FC-FA2A-4822-A049-13F19DFD14F3}.Debug|x86.ActiveCfg = Debug|x86
		{6D2466FC-FA2A-4822-A049-13F19DFD14F3}.Debug|x86.Build.0 = Debug|x86
		{6D2466FC-FA2A-4822-A049-13F19DFD14F3}.nuget|Any CPU.ActiveCfg = Release|x64
		{6D2466FC-FA2A-4822-A049-13F19DFD14F3}.nuget|Any CPU.Build.0 = Release|x64
		{6D2466FC-FA2A-4822-A049-13F19DFD14F3}.nuget|x64.ActiveCfg = Release|x64
		{6D2466FC-FA2A-4822-A049-13F19DFD14F3}.nuget|x64.Build.0 = Release|x64
		{6D2466FC-FA2A-4822-A049-13F19DFD14F3}.nuget|x86.ActiveCfg = Release|x86
		{6D2466FC-FA2A-4822-A049-13F19DFD14F3}.nuget|x86.Build.0 = Release|x86
		{6D2466FC-FA2A-4822-A049-13F19DFD14F3}.Release|Any CPU.ActiveCfg = Release|x86
		{6D2466FC-FA2A-4822-A049-13F19DFD14F3}.Release|x64.ActiveCfg = Release|x64
		{6D2466FC-FA2A-4822-A049-13F19DFD14F3}.Release|x64.Build.0 = Release|x64
		{6D2466FC-FA2A-4822-A049-13F19DFD14F3}.Release|x86.ActiveCfg = Release|x86
		{6D2466FC-FA2A-4822-A049-13F19DFD14F3}.Release|x86.Build.0 = Release|x86
		{8F8EE772-02FA-4623-B407-006FB7B9A314}.Debug|Any CPU.ActiveCfg = Debug|x86
		{8F8EE772-02FA-4623-B407-006FB7B9A314}.Debug|x64.ActiveCfg = Debug|x64
		{8F8EE772-02FA-4623-B407-006FB7B9A314}.Debug|x64.Build.0 = Debug|x64
		{8F8EE772-02FA-4623-B407-006FB7B9A314}.Debug|x86.ActiveCfg = Debug|x86
		{8F8EE772-02FA-4623-B407-006FB7B9A314}.Debug|x86.Build.0 = Debug|x86
		{8F8EE772-02FA-4623-B407-006FB7B9A314}.nuget|Any CPU.ActiveCfg = Release|x64
		{8F8EE772-02FA-4623-B407-006FB7B9A314}.nuget|Any CPU.Build.0 = Release|x64
		{8F8EE772-02FA-4623-B407-006FB7B9A314}.nuget|x64.ActiveCfg = Release|x64
		{8F8EE772-02FA-4623-B407-006FB7B9A314}.nuget|x64.Build.0 = Release|x64
		{8F8EE772-02FA-4623-B407-006FB7B9A314}.nuget|x86.ActiveCfg = Release|x86
		{8F8EE772-02FA-4623-B407-006FB7B9A314}.nuget|x86.Build.0 = Release|x86
		{8F8EE772-02FA-4623-B407-006FB7B9A314}.Release|Any CPU.ActiveCfg = Release|x86
		{8F8EE772-02FA-4623-B407-006FB7B9A314}.Release|x64.ActiveCfg = Release|x64
		{8F8EE772-02FA-4623-B407-006FB7B9A314}.Release|x64.Build.0 = Release|x64
		{8F8EE772-02FA-4623-B407-006FB7B9A314}.Release|x86.ActiveCfg = Release|x86
		{8F8EE772-02FA-4623-B407-006FB7B9A314}.Release|x86.Build.0 = Release|x86
		{A66E4EE3-5D4E-4889-90EC-36317A4DE882}.Debug|Any CPU.ActiveCfg = Debug|Any CPU
		{A66E4EE3-5D4E-4889-90EC-36317A4DE882}.Debug|Any CPU.Build.0 = Debug|Any CPU
		{A66E4EE3-5D4E-4889-90EC-36317A4DE882}.Debug|x64.ActiveCfg = Debug|Any CPU
		{A66E4EE3-5D4E-4889-90EC-36317A4DE882}.Debug|x64.Build.0 = Debug|Any CPU
		{A66E4EE3-5D4E-4889-90EC-36317A4DE882}.Debug|x86.ActiveCfg = Debug|Any CPU
		{A66E4EE3-5D4E-4889-90EC-36317A4DE882}.Debug|x86.Build.0 = Debug|Any CPU
		{A66E4EE3-5D4E-4889-90EC-36317A4DE882}.nuget|Any CPU.ActiveCfg = Release|Any CPU
		{A66E4EE3-5D4E-4889-90EC-36317A4DE882}.nuget|Any CPU.Build.0 = Release|Any CPU
		{A66E4EE3-5D4E-4889-90EC-36317A4DE882}.nuget|x64.ActiveCfg = Release|Any CPU
		{A66E4EE3-5D4E-4889-90EC-36317A4DE882}.nuget|x64.Build.0 = Release|Any CPU
		{A66E4EE3-5D4E-4889-90EC-36317A4DE882}.nuget|x86.ActiveCfg = Release|Any CPU
		{A66E4EE3-5D4E-4889-90EC-36317A4DE882}.nuget|x86.Build.0 = Release|Any CPU
		{A66E4EE3-5D4E-4889-90EC-36317A4DE882}.Release|Any CPU.ActiveCfg = Release|Any CPU
		{A66E4EE3-5D4E-4889-90EC-36317A4DE882}.Release|Any CPU.Build.0 = Release|Any CPU
		{A66E4EE3-5D4E-4889-90EC-36317A4DE882}.Release|x64.ActiveCfg = Release|Any CPU
		{A66E4EE3-5D4E-4889-90EC-36317A4DE882}.Release|x64.Build.0 = Release|Any CPU
		{A66E4EE3-5D4E-4889-90EC-36317A4DE882}.Release|x86.ActiveCfg = Release|Any CPU
		{A66E4EE3-5D4E-4889-90EC-36317A4DE882}.Release|x86.Build.0 = Release|Any CPU
		{850DF26E-27B2-4766-99DE-B815616C0D90}.Debug|Any CPU.ActiveCfg = Debug|Any CPU
		{850DF26E-27B2-4766-99DE-B815616C0D90}.Debug|Any CPU.Build.0 = Debug|Any CPU
		{850DF26E-27B2-4766-99DE-B815616C0D90}.Debug|x64.ActiveCfg = Debug|Any CPU
		{850DF26E-27B2-4766-99DE-B815616C0D90}.Debug|x64.Build.0 = Debug|Any CPU
		{850DF26E-27B2-4766-99DE-B815616C0D90}.Debug|x86.ActiveCfg = Debug|Any CPU
		{850DF26E-27B2-4766-99DE-B815616C0D90}.Debug|x86.Build.0 = Debug|Any CPU
		{850DF26E-27B2-4766-99DE-B815616C0D90}.nuget|Any CPU.ActiveCfg = Release|Any CPU
		{850DF26E-27B2-4766-99DE-B815616C0D90}.nuget|Any CPU.Build.0 = Release|Any CPU
		{850DF26E-27B2-4766-99DE-B815616C0D90}.nuget|x64.ActiveCfg = Release|Any CPU
		{850DF26E-27B2-4766-99DE-B815616C0D90}.nuget|x64.Build.0 = Release|Any CPU
		{850DF26E-27B2-4766-99DE-B815616C0D90}.nuget|x86.ActiveCfg = Release|Any CPU
		{850DF26E-27B2-4766-99DE-B815616C0D90}.nuget|x86.Build.0 = Release|Any CPU
		{850DF26E-27B2-4766-99DE-B815616C0D90}.Release|Any CPU.ActiveCfg = Release|Any CPU
		{850DF26E-27B2-4766-99DE-B815616C0D90}.Release|Any CPU.Build.0 = Release|Any CPU
		{850DF26E-27B2-4766-99DE-B815616C0D90}.Release|x64.ActiveCfg = Release|Any CPU
		{850DF26E-27B2-4766-99DE-B815616C0D90}.Release|x64.Build.0 = Release|Any CPU
		{850DF26E-27B2-4766-99DE-B815616C0D90}.Release|x86.ActiveCfg = Release|Any CPU
		{850DF26E-27B2-4766-99DE-B815616C0D90}.Release|x86.Build.0 = Release|Any CPU
		{0F088352-D63F-48AD-A000-AFD456157B7D}.Debug|Any CPU.ActiveCfg = Debug|x86
		{0F088352-D63F-48AD-A000-AFD456157B7D}.Debug|x64.ActiveCfg = Debug|x64
		{0F088352-D63F-48AD-A000-AFD456157B7D}.Debug|x64.Build.0 = Debug|x64
		{0F088352-D63F-48AD-A000-AFD456157B7D}.Debug|x86.ActiveCfg = Debug|x86
		{0F088352-D63F-48AD-A000-AFD456157B7D}.Debug|x86.Build.0 = Debug|x86
		{0F088352-D63F-48AD-A000-AFD456157B7D}.nuget|Any CPU.ActiveCfg = Release|x64
		{0F088352-D63F-48AD-A000-AFD456157B7D}.nuget|Any CPU.Build.0 = Release|x64
		{0F088352-D63F-48AD-A000-AFD456157B7D}.nuget|x64.ActiveCfg = Release|x64
		{0F088352-D63F-48AD-A000-AFD456157B7D}.nuget|x64.Build.0 = Release|x64
		{0F088352-D63F-48AD-A000-AFD456157B7D}.nuget|x86.ActiveCfg = Release|x86
		{0F088352-D63F-48AD-A000-AFD456157B7D}.nuget|x86.Build.0 = Release|x86
		{0F088352-D63F-48AD-A000-AFD456157B7D}.Release|Any CPU.ActiveCfg = Release|x86
		{0F088352-D63F-48AD-A000-AFD456157B7D}.Release|x64.ActiveCfg = Release|x64
		{0F088352-D63F-48AD-A000-AFD456157B7D}.Release|x64.Build.0 = Release|x64
		{0F088352-D63F-48AD-A000-AFD456157B7D}.Release|x86.ActiveCfg = Release|x86
		{0F088352-D63F-48AD-A000-AFD456157B7D}.Release|x86.Build.0 = Release|x86
		{EE068CCF-C3E4-480D-97FC-5C680A89417C}.Debug|Any CPU.ActiveCfg = Debug|x86
		{EE068CCF-C3E4-480D-97FC-5C680A89417C}.Debug|x64.ActiveCfg = Debug|x86
		{EE068CCF-C3E4-480D-97FC-5C680A89417C}.Debug|x64.Build.0 = Debug|x86
		{EE068CCF-C3E4-480D-97FC-5C680A89417C}.Debug|x86.ActiveCfg = Debug|x86
		{EE068CCF-C3E4-480D-97FC-5C680A89417C}.Debug|x86.Build.0 = Debug|x86
		{EE068CCF-C3E4-480D-97FC-5C680A89417C}.nuget|Any CPU.ActiveCfg = Release|x86
		{EE068CCF-C3E4-480D-97FC-5C680A89417C}.nuget|Any CPU.Build.0 = Release|x86
		{EE068CCF-C3E4-480D-97FC-5C680A89417C}.nuget|x64.ActiveCfg = Release|x86
		{EE068CCF-C3E4-480D-97FC-5C680A89417C}.nuget|x64.Build.0 = Release|x86
		{EE068CCF-C3E4-480D-97FC-5C680A89417C}.nuget|x86.ActiveCfg = Release|x86
		{EE068CCF-C3E4-480D-97FC-5C680A89417C}.nuget|x86.Build.0 = Release|x86
		{EE068CCF-C3E4-480D-97FC-5C680A89417C}.Release|Any CPU.ActiveCfg = Release|x86
		{EE068CCF-C3E4-480D-97FC-5C680A89417C}.Release|x64.ActiveCfg = Release|x86
		{EE068CCF-C3E4-480D-97FC-5C680A89417C}.Release|x64.Build.0 = Release|x86
		{EE068CCF-C3E4-480D-97FC-5C680A89417C}.Release|x86.ActiveCfg = Release|x86
		{EE068CCF-C3E4-480D-97FC-5C680A89417C}.Release|x86.Build.0 = Release|x86
		{3F8A5E7A-61EF-43C7-A4D2-7C49ED911ADE}.Debug|Any CPU.ActiveCfg = Release|x64
		{3F8A5E7A-61EF-43C7-A4D2-7C49ED911ADE}.Debug|Any CPU.Build.0 = Release|x64
		{3F8A5E7A-61EF-43C7-A4D2-7C49ED911ADE}.Debug|x64.ActiveCfg = Release|x64
		{3F8A5E7A-61EF-43C7-A4D2-7C49ED911ADE}.Debug|x64.Build.0 = Release|x64
		{3F8A5E7A-61EF-43C7-A4D2-7C49ED911ADE}.Debug|x86.ActiveCfg = Release|Win32
		{3F8A5E7A-61EF-43C7-A4D2-7C49ED911ADE}.Debug|x86.Build.0 = Release|Win32
		{3F8A5E7A-61EF-43C7-A4D2-7C49ED911ADE}.nuget|Any CPU.ActiveCfg = Release|x64
		{3F8A5E7A-61EF-43C7-A4D2-7C49ED911ADE}.nuget|Any CPU.Build.0 = Release|x64
		{3F8A5E7A-61EF-43C7-A4D2-7C49ED911ADE}.nuget|x64.ActiveCfg = Release|x64
		{3F8A5E7A-61EF-43C7-A4D2-7C49ED911ADE}.nuget|x64.Build.0 = Release|x64
		{3F8A5E7A-61EF-43C7-A4D2-7C49ED911ADE}.nuget|x86.ActiveCfg = Release|Win32
		{3F8A5E7A-61EF-43C7-A4D2-7C49ED911ADE}.nuget|x86.Build.0 = Release|Win32
		{3F8A5E7A-61EF-43C7-A4D2-7C49ED911ADE}.Release|Any CPU.ActiveCfg = Release|Win32
		{3F8A5E7A-61EF-43C7-A4D2-7C49ED911ADE}.Release|x64.ActiveCfg = Release|x64
		{3F8A5E7A-61EF-43C7-A4D2-7C49ED911ADE}.Release|x64.Build.0 = Release|x64
		{3F8A5E7A-61EF-43C7-A4D2-7C49ED911ADE}.Release|x86.ActiveCfg = Release|Win32
		{3F8A5E7A-61EF-43C7-A4D2-7C49ED911ADE}.Release|x86.Build.0 = Release|Win32
		{6E5E8D22-3DFA-4084-84C8-5FC297AE5859}.Debug|Any CPU.ActiveCfg = Release|x64
		{6E5E8D22-3DFA-4084-84C8-5FC297AE5859}.Debug|Any CPU.Build.0 = Release|x64
		{6E5E8D22-3DFA-4084-84C8-5FC297AE5859}.Debug|x64.ActiveCfg = Release|x64
		{6E5E8D22-3DFA-4084-84C8-5FC297AE5859}.Debug|x64.Build.0 = Release|x64
		{6E5E8D22-3DFA-4084-84C8-5FC297AE5859}.Debug|x86.ActiveCfg = Release|Win32
		{6E5E8D22-3DFA-4084-84C8-5FC297AE5859}.Debug|x86.Build.0 = Release|Win32
		{6E5E8D22-3DFA-4084-84C8-5FC297AE5859}.nuget|Any CPU.ActiveCfg = Release|x64
		{6E5E8D22-3DFA-4084-84C8-5FC297AE5859}.nuget|Any CPU.Build.0 = Release|x64
		{6E5E8D22-3DFA-4084-84C8-5FC297AE5859}.nuget|x64.ActiveCfg = Release|x64
		{6E5E8D22-3DFA-4084-84C8-5FC297AE5859}.nuget|x64.Build.0 = Release|x64
		{6E5E8D22-3DFA-4084-84C8-5FC297AE5859}.nuget|x86.ActiveCfg = Release|Win32
		{6E5E8D22-3DFA-4084-84C8-5FC297AE5859}.nuget|x86.Build.0 = Release|Win32
		{6E5E8D22-3DFA-4084-84C8-5FC297AE5859}.Release|Any CPU.ActiveCfg = Release|Win32
		{6E5E8D22-3DFA-4084-84C8-5FC297AE5859}.Release|x64.ActiveCfg = Release|x64
		{6E5E8D22-3DFA-4084-84C8-5FC297AE5859}.Release|x64.Build.0 = Release|x64
		{6E5E8D22-3DFA-4084-84C8-5FC297AE5859}.Release|x86.ActiveCfg = Release|Win32
		{6E5E8D22-3DFA-4084-84C8-5FC297AE5859}.Release|x86.Build.0 = Release|Win32
	EndGlobalSection
	GlobalSection(SolutionProperties) = preSolution
		HideSolutionNode = FALSE
	EndGlobalSection
	GlobalSection(NestedProjects) = preSolution
		{27FCEE47-CED8-4629-9989-7E9A490B090E} = {A46E4C40-4D7B-4288-AC02-CB1FA32C4B87}
		{61E37D4E-172B-45DD-9289-5C874A8320F0} = {A46E4C40-4D7B-4288-AC02-CB1FA32C4B87}
		{573C06C3-AB0D-4DB5-A2E2-53A40E1BBA57} = {A46E4C40-4D7B-4288-AC02-CB1FA32C4B87}
		{DFFB825C-8482-4CC2-BF67-0B787A9F5E1E} = {382FAE4E-34DE-4EDF-8819-9C417113BF91}
		{F27A4A37-7FDE-473E-AC6A-DCB38451BBF4} = {382FAE4E-34DE-4EDF-8819-9C417113BF91}
		{31CD1208-F215-40CE-80B9-0093E1B1494B} = {382FAE4E-34DE-4EDF-8819-9C417113BF91}
		{062C2F38-D571-459A-9E67-43C9B074EB9C} = {382FAE4E-34DE-4EDF-8819-9C417113BF91}
		{90FF5549-6138-4653-89C7-5A0DFB9034CF} = {382FAE4E-34DE-4EDF-8819-9C417113BF91}
		{E7535067-7B3D-4E8F-81B9-62E23550B535} = {382FAE4E-34DE-4EDF-8819-9C417113BF91}
		{A66E4EE3-5D4E-4889-90EC-36317A4DE882} = {4E0D197A-C5D6-4AC1-8AE5-F700C3C2E6C7}
		{850DF26E-27B2-4766-99DE-B815616C0D90} = {4E0D197A-C5D6-4AC1-8AE5-F700C3C2E6C7}
		{3F8A5E7A-61EF-43C7-A4D2-7C49ED911ADE} = {7A623287-128F-471C-9CBE-EC7B96BCF025}
		{6E5E8D22-3DFA-4084-84C8-5FC297AE5859} = {7A623287-128F-471C-9CBE-EC7B96BCF025}
	EndGlobalSection
	GlobalSection(ExtensibilityGlobals) = postSolution
		SolutionGuid = {463ED721-A481-4B32-9415-CAA0F76D55AE}
	EndGlobalSection
EndGlobal
